
Microsoft Visual Studio Solution File, Format Version 12.00
# Visual Studio Version 17
VisualStudioVersion = 17.14.36127.28 d17.14
MinimumVisualStudioVersion = 10.0.40219.1
Project("{FAE04EC0-301F-11D3-BF4B-00C04F79EFBC}") = "ChatGpt", "Backend\ChatGpt.csproj", "{ABD21863-F274-477C-B5C3-AF789255D3C1}"
EndProject
Global
	GlobalSection(SolutionConfigurationPlatforms) = preSolution
		Debug|Any CPU = Debug|Any CPU
		Release|Any CPU = Release|Any CPU
	EndGlobalSection
	GlobalSection(ProjectConfigurationPlatforms) = postSolution
		{ABD21863-F274-477C-B5C3-AF789255D3C1}.Debug|Any CPU.ActiveCfg = Debug|Any CPU
		{ABD21863-F274-477C-B5C3-AF789255D3C1}.Debug|Any CPU.Build.0 = Debug|Any CPU
		{ABD21863-F274-477C-B5C3-AF789255D3C1}.Release|Any CPU.ActiveCfg = Release|Any CPU
		{ABD21863-F274-477C-B5C3-AF789255D3C1}.Release|Any CPU.Build.0 = Release|Any CPU
	EndGlobalSection
	GlobalSection(SolutionProperties) = preSolution
		HideSolutionNode = FALSE
	EndGlobalSection
	GlobalSection(ExtensibilityGlobals) = postSolution
		SolutionGuid = {39BC7A06-876A-4606-BB1B-8A10456B63CD}
	EndGlobalSection
EndGlobal
